// !$*UTF8*$!
{
	archiveVersion = 1;
	classes = {
	};
	objectVersion = 55;
	objects = {

/* Begin PBXBuildFile section */
		DA17FEA428ED64D100F8F417 /* ScrumdingerApp.swift in Sources */ = {isa = PBXBuildFile; fileRef = DA17FEA328ED64D100F8F417 /* ScrumdingerApp.swift */; };
		DA17FEA628ED64D100F8F417 /* MeetingView.swift in Sources */ = {isa = PBXBuildFile; fileRef = DA17FEA528ED64D100F8F417 /* MeetingView.swift */; };
		DA17FEA828ED64D700F8F417 /* Assets.xcassets in Resources */ = {isa = PBXBuildFile; fileRef = DA17FEA728ED64D700F8F417 /* Assets.xcassets */; };
		DA17FEAB28ED64D700F8F417 /* Preview Assets.xcassets in Resources */ = {isa = PBXBuildFile; fileRef = DA17FEAA28ED64D700F8F417 /* Preview Assets.xcassets */; };
		DA2D11D428F3EE3D00B7D28F /* DetailView.swift in Sources */ = {isa = PBXBuildFile; fileRef = DA2D11D328F3EE3D00B7D28F /* DetailView.swift */; };
		DA46270228F54DBC00546D9A /* DetailEditView.swift in Sources */ = {isa = PBXBuildFile; fileRef = DA46270128F54DBC00546D9A /* DetailEditView.swift */; };
		DA46270428F572C200546D9A /* ThemeView.swift in Sources */ = {isa = PBXBuildFile; fileRef = DA46270328F572C200546D9A /* ThemeView.swift */; };
		DA46270628F5778A00546D9A /* ThemePicker.swift in Sources */ = {isa = PBXBuildFile; fileRef = DA46270528F5778A00546D9A /* ThemePicker.swift */; };
		DA866C7728F3D7FF003BFE6A /* ScrumsView.swift in Sources */ = {isa = PBXBuildFile; fileRef = DA866C7628F3D7FF003BFE6A /* ScrumsView.swift */; };
		DAD9759B28ED8835004A997E /* Theme.swift in Sources */ = {isa = PBXBuildFile; fileRef = DAD9759A28ED8834004A997E /* Theme.swift */; };
		DAD9759D28ED896F004A997E /* DailyScrum.swift in Sources */ = {isa = PBXBuildFile; fileRef = DAD9759C28ED896F004A997E /* DailyScrum.swift */; };
		DAD9759F28ED8B96004A997E /* CardView.swift in Sources */ = {isa = PBXBuildFile; fileRef = DAD9759E28ED8B96004A997E /* CardView.swift */; };
		DAD975A128F3CBD4004A997E /* TrailingIconLabelStyle.swift in Sources */ = {isa = PBXBuildFile; fileRef = DAD975A028F3CBD3004A997E /* TrailingIconLabelStyle.swift */; };
/* End PBXBuildFile section */

/* Begin PBXFileReference section */
		DA17FEA028ED64D100F8F417 /* Scrumdinger.app */ = {isa = PBXFileReference; explicitFileType = wrapper.application; includeInIndex = 0; path = Scrumdinger.app; sourceTree = BUILT_PRODUCTS_DIR; };
		DA17FEA328ED64D100F8F417 /* ScrumdingerApp.swift */ = {isa = PBXFileReference; lastKnownFileType = sourcecode.swift; path = ScrumdingerApp.swift; sourceTree = "<group>"; };
		DA17FEA528ED64D100F8F417 /* MeetingView.swift */ = {isa = PBXFileReference; lastKnownFileType = sourcecode.swift; path = MeetingView.swift; sourceTree = "<group>"; };
		DA17FEA728ED64D700F8F417 /* Assets.xcassets */ = {isa = PBXFileReference; lastKnownFileType = folder.assetcatalog; path = Assets.xcassets; sourceTree = "<group>"; };
		DA17FEAA28ED64D700F8F417 /* Preview Assets.xcassets */ = {isa = PBXFileReference; lastKnownFileType = folder.assetcatalog; path = "Preview Assets.xcassets"; sourceTree = "<group>"; };
		DA2D11D328F3EE3D00B7D28F /* DetailView.swift */ = {isa = PBXFileReference; lastKnownFileType = sourcecode.swift; path = DetailView.swift; sourceTree = "<group>"; };
		DA46270128F54DBC00546D9A /* DetailEditView.swift */ = {isa = PBXFileReference; lastKnownFileType = sourcecode.swift; path = DetailEditView.swift; sourceTree = "<group>"; };
		DA46270328F572C200546D9A /* ThemeView.swift */ = {isa = PBXFileReference; lastKnownFileType = sourcecode.swift; path = ThemeView.swift; sourceTree = "<group>"; };
		DA46270528F5778A00546D9A /* ThemePicker.swift */ = {isa = PBXFileReference; lastKnownFileType = sourcecode.swift; path = ThemePicker.swift; sourceTree = "<group>"; };
		DA866C7628F3D7FF003BFE6A /* ScrumsView.swift */ = {isa = PBXFileReference; lastKnownFileType = sourcecode.swift; path = ScrumsView.swift; sourceTree = "<group>"; };
		DAD9759A28ED8834004A997E /* Theme.swift */ = {isa = PBXFileReference; lastKnownFileType = sourcecode.swift; path = Theme.swift; sourceTree = "<group>"; };
		DAD9759C28ED896F004A997E /* DailyScrum.swift */ = {isa = PBXFileReference; lastKnownFileType = sourcecode.swift; path = DailyScrum.swift; sourceTree = "<group>"; };
		DAD9759E28ED8B96004A997E /* CardView.swift */ = {isa = PBXFileReference; lastKnownFileType = sourcecode.swift; path = CardView.swift; sourceTree = "<group>"; };
		DAD975A028F3CBD3004A997E /* TrailingIconLabelStyle.swift */ = {isa = PBXFileReference; lastKnownFileType = sourcecode.swift; path = TrailingIconLabelStyle.swift; sourceTree = "<group>"; };
/* End PBXFileReference section */

/* Begin PBXFrameworksBuildPhase section */
		DA17FE9D28ED64D100F8F417 /* Frameworks */ = {
			isa = PBXFrameworksBuildPhase;
			buildActionMask = 2147483647;
			files = (
			);
			runOnlyForDeploymentPostprocessing = 0;
		};
/* End PBXFrameworksBuildPhase section */

/* Begin PBXGroup section */
		DA17FE9728ED64D100F8F417 = {
			isa = PBXGroup;
			children = (
				DA17FEA228ED64D100F8F417 /* Scrumdinger */,
				DA17FEA128ED64D100F8F417 /* Products */,
			);
			sourceTree = "<group>";
		};
		DA17FEA128ED64D100F8F417 /* Products */ = {
			isa = PBXGroup;
			children = (
				DA17FEA028ED64D100F8F417 /* Scrumdinger.app */,
			);
			name = Products;
			sourceTree = "<group>";
		};
		DA17FEA228ED64D100F8F417 /* Scrumdinger */ = {
			isa = PBXGroup;
			children = (
				DAD9759E28ED8B96004A997E /* CardView.swift */,
				DA17FEB128ED864600F8F417 /* Models */,
				DA17FEA328ED64D100F8F417 /* ScrumdingerApp.swift */,
				DA17FEA528ED64D100F8F417 /* MeetingView.swift */,
				DA17FEA728ED64D700F8F417 /* Assets.xcassets */,
				DA17FEA928ED64D700F8F417 /* Preview Content */,
				DAD975A028F3CBD3004A997E /* TrailingIconLabelStyle.swift */,
				DA866C7628F3D7FF003BFE6A /* ScrumsView.swift */,
				DA2D11D328F3EE3D00B7D28F /* DetailView.swift */,
				DA46270128F54DBC00546D9A /* DetailEditView.swift */,
				DA46270328F572C200546D9A /* ThemeView.swift */,
				DA46270528F5778A00546D9A /* ThemePicker.swift */,
			);
			path = Scrumdinger;
			sourceTree = "<group>";
		};
		DA17FEA928ED64D700F8F417 /* Preview Content */ = {
			isa = PBXGroup;
			children = (
				DA17FEAA28ED64D700F8F417 /* Preview Assets.xcassets */,
			);
			path = "Preview Content";
			sourceTree = "<group>";
		};
		DA17FEB128ED864600F8F417 /* Models */ = {
			isa = PBXGroup;
			children = (
				DAD9759A28ED8834004A997E /* Theme.swift */,
				DAD9759C28ED896F004A997E /* DailyScrum.swift */,
			);
			path = Models;
			sourceTree = "<group>";
		};
/* End PBXGroup section */

/* Begin PBXNativeTarget section */
		DA17FE9F28ED64D100F8F417 /* Scrumdinger */ = {
			isa = PBXNativeTarget;
			buildConfigurationList = DA17FEAE28ED64D700F8F417 /* Build configuration list for PBXNativeTarget "Scrumdinger" */;
			buildPhases = (
				DA17FE9C28ED64D100F8F417 /* Sources */,
				DA17FE9D28ED64D100F8F417 /* Frameworks */,
				DA17FE9E28ED64D100F8F417 /* Resources */,
			);
			buildRules = (
			);
			dependencies = (
			);
			name = Scrumdinger;
			productName = Scrumdinger;
			productReference = DA17FEA028ED64D100F8F417 /* Scrumdinger.app */;
			productType = "com.apple.product-type.application";
		};
/* End PBXNativeTarget section */

/* Begin PBXProject section */
		DA17FE9828ED64D100F8F417 /* Project object */ = {
			isa = PBXProject;
			attributes = {
				BuildIndependentTargetsInParallel = 1;
				LastSwiftUpdateCheck = 1310;
				LastUpgradeCheck = 1310;
				TargetAttributes = {
					DA17FE9F28ED64D100F8F417 = {
						CreatedOnToolsVersion = 13.1;
					};
				};
			};
			buildConfigurationList = DA17FE9B28ED64D100F8F417 /* Build configuration list for PBXProject "Scrumdinger" */;
			compatibilityVersion = "Xcode 13.0";
			developmentRegion = en;
			hasScannedForEncodings = 0;
			knownRegions = (
				en,
				Base,
			);
			mainGroup = DA17FE9728ED64D100F8F417;
			productRefGroup = DA17FEA128ED64D100F8F417 /* Products */;
			projectDirPath = "";
			projectRoot = "";
			targets = (
				DA17FE9F28ED64D100F8F417 /* Scrumdinger */,
			);
		};
/* End PBXProject section */

/* Begin PBXResourcesBuildPhase section */
		DA17FE9E28ED64D100F8F417 /* Resources */ = {
			isa = PBXResourcesBuildPhase;
			buildActionMask = 2147483647;
			files = (
				DA17FEAB28ED64D700F8F417 /* Preview Assets.xcassets in Resources */,
				DA17FEA828ED64D700F8F417 /* Assets.xcassets in Resources */,
			);
			runOnlyForDeploymentPostprocessing = 0;
		};
/* End PBXResourcesBuildPhase section */

/* Begin PBXSourcesBuildPhase section */
		DA17FE9C28ED64D100F8F417 /* Sources */ = {
			isa = PBXSourcesBuildPhase;
			buildActionMask = 2147483647;
			files = (
				DA46270628F5778A00546D9A /* ThemePicker.swift in Sources */,
				DAD9759D28ED896F004A997E /* DailyScrum.swift in Sources */,
				DA2D11D428F3EE3D00B7D28F /* DetailView.swift in Sources */,
				DA46270228F54DBC00546D9A /* DetailEditView.swift in Sources */,
				DAD975A128F3CBD4004A997E /* TrailingIconLabelStyle.swift in Sources */,
				DAD9759B28ED8835004A997E /* Theme.swift in Sources */,
				DA866C7728F3D7FF003BFE6A /* ScrumsView.swift in Sources */,
				DA17FEA628ED64D100F8F417 /* MeetingView.swift in Sources */,
				DA17FEA428ED64D100F8F417 /* ScrumdingerApp.swift in Sources */,
				DA46270428F572C200546D9A /* ThemeView.swift in Sources */,
				DAD9759F28ED8B96004A997E /* CardView.swift in Sources */,
			);
			runOnlyForDeploymentPostprocessing = 0;
		};
/* End PBXSourcesBuildPhase section */

/* Begin XCBuildConfiguration section */
		DA17FEAC28ED64D700F8F417 /* Debug */ = {
			isa = XCBuildConfiguration;
			buildSettings = {
				ALWAYS_SEARCH_USER_PATHS = NO;
				CLANG_ANALYZER_NONNULL = YES;
				CLANG_ANALYZER_NUMBER_OBJECT_CONVERSION = YES_AGGRESSIVE;
				CLANG_CXX_LANGUAGE_STANDARD = "gnu++17";
				CLANG_CXX_LIBRARY = "libc++";
				CLANG_ENABLE_MODULES = YES;
				CLANG_ENABLE_OBJC_ARC = YES;
				CLANG_ENABLE_OBJC_WEAK = YES;
				CLANG_WARN_BLOCK_CAPTURE_AUTORELEASING = YES;
				CLANG_WARN_BOOL_CONVERSION = YES;
				CLANG_WARN_COMMA = YES;
				CLANG_WARN_CONSTANT_CONVERSION = YES;
				CLANG_WARN_DEPRECATED_OBJC_IMPLEMENTATIONS = YES;
				CLANG_WARN_DIRECT_OBJC_ISA_USAGE = YES_ERROR;
				CLANG_WARN_DOCUMENTATION_COMMENTS = YES;
				CLANG_WARN_EMPTY_BODY = YES;
				CLANG_WARN_ENUM_CONVERSION = YES;
				CLANG_WARN_INFINITE_RECURSION = YES;
				CLANG_WARN_INT_CONVERSION = YES;
				CLANG_WARN_NON_LITERAL_NULL_CONVERSION = YES;
				CLANG_WARN_OBJC_IMPLICIT_RETAIN_SELF = YES;
				CLANG_WARN_OBJC_LITERAL_CONVERSION = YES;
				CLANG_WARN_OBJC_ROOT_CLASS = YES_ERROR;
				CLANG_WARN_QUOTED_INCLUDE_IN_FRAMEWORK_HEADER = YES;
				CLANG_WARN_RANGE_LOOP_ANALYSIS = YES;
				CLANG_WARN_STRICT_PROTOTYPES = YES;
				CLANG_WARN_SUSPICIOUS_MOVE = YES;
				CLANG_WARN_UNGUARDED_AVAILABILITY = YES_AGGRESSIVE;
				CLANG_WARN_UNREACHABLE_CODE = YES;
				CLANG_WARN__DUPLICATE_METHOD_MATCH = YES;
				COPY_PHASE_STRIP = NO;
				DEBUG_INFORMATION_FORMAT = dwarf;
				ENABLE_STRICT_OBJC_MSGSEND = YES;
				ENABLE_TESTABILITY = YES;
				GCC_C_LANGUAGE_STANDARD = gnu11;
				GCC_DYNAMIC_NO_PIC = NO;
				GCC_NO_COMMON_BLOCKS = YES;
				GCC_OPTIMIZATION_LEVEL = 0;
				GCC_PREPROCESSOR_DEFINITIONS = (
					"DEBUG=1",
					"$(inherited)",
				);
				GCC_WARN_64_TO_32_BIT_CONVERSION = YES;
				GCC_WARN_ABOUT_RETURN_TYPE = YES_ERROR;
				GCC_WARN_UNDECLARED_SELECTOR = YES;
				GCC_WARN_UNINITIALIZED_AUTOS = YES_AGGRESSIVE;
				GCC_WARN_UNUSED_FUNCTION = YES;
				GCC_WARN_UNUSED_VARIABLE = YES;
				IPHONEOS_DEPLOYMENT_TARGET = 15.0;
				MTL_ENABLE_DEBUG_INFO = INCLUDE_SOURCE;
				MTL_FAST_MATH = YES;
				ONLY_ACTIVE_ARCH = YES;
				SDKROOT = iphoneos;
				SWIFT_ACTIVE_COMPILATION_CONDITIONS = DEBUG;
				SWIFT_OPTIMIZATION_LEVEL = "-Onone";
			};
			name = Debug;
		};
		DA17FEAD28ED64D700F8F417 /* Release */ = {
			isa = XCBuildConfiguration;
			buildSettings = {
				ALWAYS_SEARCH_USER_PATHS = NO;
				CLANG_ANALYZER_NONNULL = YES;
				CLANG_ANALYZER_NUMBER_OBJECT_CONVERSION = YES_AGGRESSIVE;
				CLANG_CXX_LANGUAGE_STANDARD = "gnu++17";
				CLANG_CXX_LIBRARY = "libc++";
				CLANG_ENABLE_MODULES = YES;
				CLANG_ENABLE_OBJC_ARC = YES;
				CLANG_ENABLE_OBJC_WEAK = YES;
				CLANG_WARN_BLOCK_CAPTURE_AUTORELEASING = YES;
				CLANG_WARN_BOOL_CONVERSION = YES;
				CLANG_WARN_COMMA = YES;
				CLANG_WARN_CONSTANT_CONVERSION = YES;
				CLANG_WARN_DEPRECATED_OBJC_IMPLEMENTATIONS = YES;
				CLANG_WARN_DIRECT_OBJC_ISA_USAGE = YES_ERROR;
				CLANG_WARN_DOCUMENTATION_COMMENTS = YES;
				CLANG_WARN_EMPTY_BODY = YES;
				CLANG_WARN_ENUM_CONVERSION = YES;
				CLANG_WARN_INFINITE_RECURSION = YES;
				CLANG_WARN_INT_CONVERSION = YES;
				CLANG_WARN_NON_LITERAL_NULL_CONVERSION = YES;
				CLANG_WARN_OBJC_IMPLICIT_RETAIN_SELF = YES;
				CLANG_WARN_OBJC_LITERAL_CONVERSION = YES;
				CLANG_WARN_OBJC_ROOT_CLASS = YES_ERROR;
				CLANG_WARN_QUOTED_INCLUDE_IN_FRAMEWORK_HEADER = YES;
				CLANG_WARN_RANGE_LOOP_ANALYSIS = YES;
				CLANG_WARN_STRICT_PROTOTYPES = YES;
				CLANG_WARN_SUSPICIOUS_MOVE = YES;
				CLANG_WARN_UNGUARDED_AVAILABILITY = YES_AGGRESSIVE;
				CLANG_WARN_UNREACHABLE_CODE = YES;
				CLANG_WARN__DUPLICATE_METHOD_MATCH = YES;
				COPY_PHASE_STRIP = NO;
				DEBUG_INFORMATION_FORMAT = "dwarf-with-dsym";
				ENABLE_NS_ASSERTIONS = NO;
				ENABLE_STRICT_OBJC_MSGSEND = YES;
				GCC_C_LANGUAGE_STANDARD = gnu11;
				GCC_NO_COMMON_BLOCKS = YES;
				GCC_WARN_64_TO_32_BIT_CONVERSION = YES;
				GCC_WARN_ABOUT_RETURN_TYPE = YES_ERROR;
				GCC_WARN_UNDECLARED_SELECTOR = YES;
				GCC_WARN_UNINITIALIZED_AUTOS = YES_AGGRESSIVE;
				GCC_WARN_UNUSED_FUNCTION = YES;
				GCC_WARN_UNUSED_VARIABLE = YES;
				IPHONEOS_DEPLOYMENT_TARGET = 15.0;
				MTL_ENABLE_DEBUG_INFO = NO;
				MTL_FAST_MATH = YES;
				SDKROOT = iphoneos;
				SWIFT_COMPILATION_MODE = wholemodule;
				SWIFT_OPTIMIZATION_LEVEL = "-O";
				VALIDATE_PRODUCT = YES;
			};
			name = Release;
		};
		DA17FEAF28ED64D700F8F417 /* Debug */ = {
			isa = XCBuildConfiguration;
			buildSettings = {
				ASSETCATALOG_COMPILER_APPICON_NAME = AppIcon;
				ASSETCATALOG_COMPILER_GLOBAL_ACCENT_COLOR_NAME = AccentColor;
				CODE_SIGN_STYLE = Automatic;
				CURRENT_PROJECT_VERSION = 1;
				DEVELOPMENT_ASSET_PATHS = "\"Scrumdinger/Preview Content\"";
				ENABLE_PREVIEWS = YES;
				GENERATE_INFOPLIST_FILE = YES;
				INFOPLIST_KEY_UIApplicationSceneManifest_Generation = YES;
				INFOPLIST_KEY_UIApplicationSupportsIndirectInputEvents = YES;
				INFOPLIST_KEY_UILaunchScreen_Generation = YES;
				INFOPLIST_KEY_UISupportedInterfaceOrientations_iPad = "UIInterfaceOrientationPortrait UIInterfaceOrientationPortraitUpsideDown UIInterfaceOrientationLandscapeLeft UIInterfaceOrientationLandscapeRight";
				INFOPLIST_KEY_UISupportedInterfaceOrientations_iPhone = "UIInterfaceOrientationPortrait UIInterfaceOrientationLandscapeLeft UIInterfaceOrientationLandscapeRight";
				LD_RUNPATH_SEARCH_PATHS = (
					"$(inherited)",
					"@executable_path/Frameworks",
				);
				MARKETING_VERSION = 1.0;
				PRODUCT_BUNDLE_IDENTIFIER = aits.Scrumdinger;
				PRODUCT_NAME = "$(TARGET_NAME)";
				SWIFT_EMIT_LOC_STRINGS = YES;
				SWIFT_VERSION = 5.0;
				TARGETED_DEVICE_FAMILY = "1,2";
			};
			name = Debug;
		};
		DA17FEB028ED64D700F8F417 /* Release */ = {
			isa = XCBuildConfiguration;
			buildSettings = {
				ASSETCATALOG_COMPILER_APPICON_NAME = AppIcon;
				ASSETCATALOG_COMPILER_GLOBAL_ACCENT_COLOR_NAME = AccentColor;
				CODE_SIGN_STYLE = Automatic;
				CURRENT_PROJECT_VERSION = 1;
				DEVELOPMENT_ASSET_PATHS = "\"Scrumdinger/Preview Content\"";
				ENABLE_PREVIEWS = YES;
				GENERATE_INFOPLIST_FILE = YES;
				INFOPLIST_KEY_UIApplicationSceneManifest_Generation = YES;
				INFOPLIST_KEY_UIApplicationSupportsIndirectInputEvents = YES;
				INFOPLIST_KEY_UILaunchScreen_Generation = YES;
				INFOPLIST_KEY_UISupportedInterfaceOrientations_iPad = "UIInterfaceOrientationPortrait UIInterfaceOrientationPortraitUpsideDown UIInterfaceOrientationLandscapeLeft UIInterfaceOrientationLandscapeRight";
				INFOPLIST_KEY_UISupportedInterfaceOrientations_iPhone = "UIInterfaceOrientationPortrait UIInterfaceOrientationLandscapeLeft UIInterfaceOrientationLandscapeRight";
				LD_RUNPATH_SEARCH_PATHS = (
					"$(inherited)",
					"@executable_path/Frameworks",
				);
				MARKETING_VERSION = 1.0;
				PRODUCT_BUNDLE_IDENTIFIER = aits.Scrumdinger;
				PRODUCT_NAME = "$(TARGET_NAME)";
				SWIFT_EMIT_LOC_STRINGS = YES;
				SWIFT_VERSION = 5.0;
				TARGETED_DEVICE_FAMILY = "1,2";
			};
			name = Release;
		};
/* End XCBuildConfiguration section */

/* Begin XCConfigurationList section */
		DA17FE9B28ED64D100F8F417 /* Build configuration list for PBXProject "Scrumdinger" */ = {
			isa = XCConfigurationList;
			buildConfigurations = (
				DA17FEAC28ED64D700F8F417 /* Debug */,
				DA17FEAD28ED64D700F8F417 /* Release */,
			);
			defaultConfigurationIsVisible = 0;
			defaultConfigurationName = Release;
		};
		DA17FEAE28ED64D700F8F417 /* Build configuration list for PBXNativeTarget "Scrumdinger" */ = {
			isa = XCConfigurationList;
			buildConfigurations = (
				DA17FEAF28ED64D700F8F417 /* Debug */,
				DA17FEB028ED64D700F8F417 /* Release */,
			);
			defaultConfigurationIsVisible = 0;
			defaultConfigurationName = Release;
		};
/* End XCConfigurationList section */
	};
	rootObject = DA17FE9828ED64D100F8F417 /* Project object */;
}
